
Microsoft Visual Studio Solution File, Format Version 12.00
# Visual Studio Version 17
VisualStudioVersion = 17.5.002.0
MinimumVisualStudioVersion = 10.0.40219.1
Project("{9A19103F-16F7-4668-BE54-9A1E7A4F7556}") = "dotnet_avancado_exercicio2", "dotnet_avancado_exercicio2.csproj", "{DF42CAF4-646A-4D50-A3B7-F9D8EF5CA413}"
EndProject
Global
	GlobalSection(SolutionConfigurationPlatforms) = preSolution
		Debug|Any CPU = Debug|Any CPU
		Release|Any CPU = Release|Any CPU
	EndGlobalSection
	GlobalSection(ProjectConfigurationPlatforms) = postSolution
		{DF42CAF4-646A-4D50-A3B7-F9D8EF5CA413}.Debug|Any CPU.ActiveCfg = Debug|Any CPU
		{DF42CAF4-646A-4D50-A3B7-F9D8EF5CA413}.Debug|Any CPU.Build.0 = Debug|Any CPU
		{DF42CAF4-646A-4D50-A3B7-F9D8EF5CA413}.Release|Any CPU.ActiveCfg = Release|Any CPU
		{DF42CAF4-646A-4D50-A3B7-F9D8EF5CA413}.Release|Any CPU.Build.0 = Release|Any CPU
	EndGlobalSection
	GlobalSection(SolutionProperties) = preSolution
		HideSolutionNode = FALSE
	EndGlobalSection
	GlobalSection(ExtensibilityGlobals) = postSolution
		SolutionGuid = {A44C1BAF-1BB5-411D-9674-FFAB9390891B}
	EndGlobalSection
EndGlobal
